
Microsoft Visual Studio Solution File, Format Version 12.00
# Visual Studio Version 16
VisualStudioVersion = 16.0.31515.178
MinimumVisualStudioVersion = 10.0.40219.1
Project("{FAE04EC0-301F-11D3-BF4B-00C04F79EFBC}") = "CareConnectHuddle1", "CareConnectHuddle1.csproj", "{F28A27A2-FA4A-4113-AE50-EFDF41B55405}"
EndProject
Global
	GlobalSection(SolutionConfigurationPlatforms) = preSolution
		Debug|Any CPU = Debug|Any CPU
		Release|Any CPU = Release|Any CPU
	EndGlobalSection
	GlobalSection(ProjectConfigurationPlatforms) = postSolution
		{F28A27A2-FA4A-4113-AE50-EFDF41B55405}.Debug|Any CPU.ActiveCfg = Debug|Any CPU
		{F28A27A2-FA4A-4113-AE50-EFDF41B55405}.Debug|Any CPU.Build.0 = Debug|Any CPU
		{F28A27A2-FA4A-4113-AE50-EFDF41B55405}.Release|Any CPU.ActiveCfg = Release|Any CPU
		{F28A27A2-FA4A-4113-AE50-EFDF41B55405}.Release|Any CPU.Build.0 = Release|Any CPU
	EndGlobalSection
	GlobalSection(SolutionProperties) = preSolution
		HideSolutionNode = FALSE
	EndGlobalSection
	GlobalSection(ExtensibilityGlobals) = postSolution
		SolutionGuid = {B78989B8-9266-4F2E-83D5-83F942507FA2}
	EndGlobalSection
EndGlobal
